
Microsoft Visual Studio Solution File, Format Version 12.00
# Visual Studio 15
VisualStudioVersion = 15.0.27703.2018
MinimumVisualStudioVersion = 10.0.40219.1
Project("{FAE04EC0-301F-11D3-BF4B-00C04F79EFBC}") = "DMProjection1", "DMProjection1\DMProjection1.csproj", "{5B8E7985-F324-4AD6-A671-6C30EDA1FA76}"
EndProject
Global
	GlobalSection(SolutionConfigurationPlatforms) = preSolution
		Debug|Any CPU = Debug|Any CPU
		Release|Any CPU = Release|Any CPU
	EndGlobalSection
	GlobalSection(ProjectConfigurationPlatforms) = postSolution
		{5B8E7985-F324-4AD6-A671-6C30EDA1FA76}.Debug|Any CPU.ActiveCfg = Debug|Any CPU
		{5B8E7985-F324-4AD6-A671-6C30EDA1FA76}.Debug|Any CPU.Build.0 = Debug|Any CPU
		{5B8E7985-F324-4AD6-A671-6C30EDA1FA76}.Release|Any CPU.ActiveCfg = Release|Any CPU
		{5B8E7985-F324-4AD6-A671-6C30EDA1FA76}.Release|Any CPU.Build.0 = Release|Any CPU
	EndGlobalSection
	GlobalSection(SolutionProperties) = preSolution
		HideSolutionNode = FALSE
	EndGlobalSection
	GlobalSection(ExtensibilityGlobals) = postSolution
		SolutionGuid = {C7F60048-DD07-42D0-835A-873F03D37F26}
	EndGlobalSection
EndGlobal
